github.com/aivyss/typex v1.1.0 h1:vlUS5tR0QzMhVIV9Zo539Ef8cJ2MFDH2YuWch29eNPM=
github.com/aivyss/typex v1.1.0/go.mod h1:8luE6hnCtP7B92b9tFGPZ4pfjdG6BgEvocwvM0FTkBk=
github.com/aivyss/typex v1.1.2 h1:u7P3cytAwSpWUYG45WV3iMSiMxIMX+SkdxRZNu545pk=
github.com/aivyss/typex v1.1.2/go.mod h1:99Q1UNhlhStW7yWel5xZLb5Prm/yGQJkh6SRE4ppClI=
github.com/aivyss/typex v1.1.3 h1:4TFMSArg2FSxnazytYOiUXjkn1A9CINdWb4Zp0m9pok=
github.com/aivyss/typex v1.1.3/go.mod h1:99Q1UNhlhStW7yWel5xZLb5Prm/yGQJkh6SRE4ppClI=
github.com/davecgh/go-spew v1.1.1 h1:vj9j/u1bqnvCEfJOwUhtlOARqs3+rkHYY13jYWTU97c=
github.com/davecgh/go-spew v1.1.1/go.mod h1:J7Y8YcW2NihsgmVo/mv3lAwl/skON4iLHjSsI+c5H38=
github.com/pmezard/go-difflib v1.0.0 h1:4DBwDE0NGyQoBHbLQYPwSUPoCMWR5BEzIk/f1lZbAQM=
github.com/pmezard/go-difflib v1.0.0/go.mod h1:iKH77koFhYxTK1pcRnkKkqfTogsbg7gZNVY4sRDYZ/4=
github.com/stretchr/testify v1.8.4 h1:CcVxjf3Q8PM0mHUKJCdn+eZZtm5yQwehR5yeSVQQcUk=
github.com/stretchr/testify v1.8.4/go.mod h1:sz/lmYIOXD/1dqDmKjjqLyZ2RngseejIcXlSw2iwfAo=
gopkg.in/check.v1 v0.0.0-20161208181325-20d25e280405 h1:yhCVgyC4o1eVCa2tZl7eS0r+SDo693bJlVdllGtEeKM=
gopkg.in/check.v1 v0.0.0-20161208181325-20d25e280405/go.mod h1:Co6ibVJAznAaIkqp8huTwlJQCZ016jof/cbN4VW5Yz0=
gopkg.in/yaml.v3 v3.0.1 h1:fxVm/GzAzEWqLHuvctI91KS9hhNmmWOoWu0XTYJS7CA=
gopkg.in/yaml.v3 v3.0.1/go.mod h1:K4uyk7z7BCEPqu6E+C64Yfv1cQ7kz7rIZviUmN+EgEM=
